
Microsoft Visual Studio Solution File, Format Version 12.00
# Visual Studio Version 17
VisualStudioVersion = 17.5.33424.131
MinimumVisualStudioVersion = 10.0.40219.1
Project("{FAE04EC0-301F-11D3-BF4B-00C04F79EFBC}") = "VamosConLaApp.Android", "VamosConLaApp.Android\VamosConLaApp.Android.csproj", "{4C4B4BEC-DE29-4A74-A613-DA2B87BC04F4}"
EndProject
Project("{FAE04EC0-301F-11D3-BF4B-00C04F79EFBC}") = "VamosConLaApp.iOS", "VamosConLaApp.iOS\VamosConLaApp.iOS.csproj", "{EF8349FE-89B3-44FA-85E3-B2031FE4CADC}"
EndProject
Project("{FAE04EC0-301F-11D3-BF4B-00C04F79EFBC}") = "VamosConLaApp", "VamosConLaApp\VamosConLaApp.csproj", "{0818CC14-3A1C-4722-A1CE-0EA79DB12D50}"
EndProject
Global
	GlobalSection(SolutionConfigurationPlatforms) = preSolution
		Debug|Any CPU = Debug|Any CPU
		Debug|iPhone = Debug|iPhone
		Debug|iPhoneSimulator = Debug|iPhoneSimulator
		Release|Any CPU = Release|Any CPU
		Release|iPhone = Release|iPhone
		Release|iPhoneSimulator = Release|iPhoneSimulator
	EndGlobalSection
	GlobalSection(ProjectConfigurationPlatforms) = postSolution
		{4C4B4BEC-DE29-4A74-A613-DA2B87BC04F4}.Debug|Any CPU.ActiveCfg = Debug|Any CPU
		{4C4B4BEC-DE29-4A74-A613-DA2B87BC04F4}.Debug|Any CPU.Build.0 = Debug|Any CPU
		{4C4B4BEC-DE29-4A74-A613-DA2B87BC04F4}.Debug|Any CPU.Deploy.0 = Debug|Any CPU
		{4C4B4BEC-DE29-4A74-A613-DA2B87BC04F4}.Debug|iPhone.ActiveCfg = Debug|Any CPU
		{4C4B4BEC-DE29-4A74-A613-DA2B87BC04F4}.Debug|iPhone.Build.0 = Debug|Any CPU
		{4C4B4BEC-DE29-4A74-A613-DA2B87BC04F4}.Debug|iPhone.Deploy.0 = Debug|Any CPU
		{4C4B4BEC-DE29-4A74-A613-DA2B87BC04F4}.Debug|iPhoneSimulator.ActiveCfg = Debug|Any CPU
		{4C4B4BEC-DE29-4A74-A613-DA2B87BC04F4}.Debug|iPhoneSimulator.Build.0 = Debug|Any CPU
		{4C4B4BEC-DE29-4A74-A613-DA2B87BC04F4}.Debug|iPhoneSimulator.Deploy.0 = Debug|Any CPU
		{4C4B4BEC-DE29-4A74-A613-DA2B87BC04F4}.Release|Any CPU.ActiveCfg = Release|Any CPU
		{4C4B4BEC-DE29-4A74-A613-DA2B87BC04F4}.Release|Any CPU.Build.0 = Release|Any CPU
		{4C4B4BEC-DE29-4A74-A613-DA2B87BC04F4}.Release|Any CPU.Deploy.0 = Release|Any CPU
		{4C4B4BEC-DE29-4A74-A613-DA2B87BC04F4}.Release|iPhone.ActiveCfg = Release|Any CPU
		{4C4B4BEC-DE29-4A74-A613-DA2B87BC04F4}.Release|iPhone.Build.0 = Release|Any CPU
		{4C4B4BEC-DE29-4A74-A613-DA2B87BC04F4}.Release|iPhone.Deploy.0 = Release|Any CPU
		{4C4B4BEC-DE29-4A74-A613-DA2B87BC04F4}.Release|iPhoneSimulator.ActiveCfg = Release|Any CPU
		{4C4B4BEC-DE29-4A74-A613-DA2B87BC04F4}.Release|iPhoneSimulator.Build.0 = Release|Any CPU
		{4C4B4BEC-DE29-4A74-A613-DA2B87BC04F4}.Release|iPhoneSimulator.Deploy.0 = Release|Any CPU
		{EF8349FE-89B3-44FA-85E3-B2031FE4CADC}.Debug|Any CPU.ActiveCfg = Debug|iPhone
		{EF8349FE-89B3-44FA-85E3-B2031FE4CADC}.Debug|Any CPU.Build.0 = Debug|iPhone
		{EF8349FE-89B3-44FA-85E3-B2031FE4CADC}.Debug|Any CPU.Deploy.0 = Debug|iPhone
		{EF8349FE-89B3-44FA-85E3-B2031FE4CADC}.Debug|iPhone.ActiveCfg = Debug|iPhone
		{EF8349FE-89B3-44FA-85E3-B2031FE4CADC}.Debug|iPhone.Build.0 = Debug|iPhone
		{EF8349FE-89B3-44FA-85E3-B2031FE4CADC}.Debug|iPhone.Deploy.0 = Debug|iPhone
		{EF8349FE-89B3-44FA-85E3-B2031FE4CADC}.Debug|iPhoneSimulator.ActiveCfg = Debug|iPhoneSimulator
		{EF8349FE-89B3-44FA-85E3-B2031FE4CADC}.Debug|iPhoneSimulator.Build.0 = Debug|iPhoneSimulator
		{EF8349FE-89B3-44FA-85E3-B2031FE4CADC}.Debug|iPhoneSimulator.Deploy.0 = Debug|iPhoneSimulator
		{EF8349FE-89B3-44FA-85E3-B2031FE4CADC}.Release|Any CPU.ActiveCfg = Release|iPhoneSimulator
		{EF8349FE-89B3-44FA-85E3-B2031FE4CADC}.Release|Any CPU.Build.0 = Release|iPhoneSimulator
		{EF8349FE-89B3-44FA-85E3-B2031FE4CADC}.Release|Any CPU.Deploy.0 = Release|iPhoneSimulator
		{EF8349FE-89B3-44FA-85E3-B2031FE4CADC}.Release|iPhone.ActiveCfg = Release|iPhone
		{EF8349FE-89B3-44FA-85E3-B2031FE4CADC}.Release|iPhone.Build.0 = Release|iPhone
		{EF8349FE-89B3-44FA-85E3-B2031FE4CADC}.Release|iPhone.Deploy.0 = Release|iPhone
		{EF8349FE-89B3-44FA-85E3-B2031FE4CADC}.Release|iPhoneSimulator.ActiveCfg = Release|iPhoneSimulator
		{EF8349FE-89B3-44FA-85E3-B2031FE4CADC}.Release|iPhoneSimulator.Build.0 = Release|iPhoneSimulator
		{EF8349FE-89B3-44FA-85E3-B2031FE4CADC}.Release|iPhoneSimulator.Deploy.0 = Release|iPhoneSimulator
		{0818CC14-3A1C-4722-A1CE-0EA79DB12D50}.Debug|Any CPU.ActiveCfg = Debug|Any CPU
		{0818CC14-3A1C-4722-A1CE-0EA79DB12D50}.Debug|Any CPU.Build.0 = Debug|Any CPU
		{0818CC14-3A1C-4722-A1CE-0EA79DB12D50}.Debug|Any CPU.Deploy.0 = Debug|Any CPU
		{0818CC14-3A1C-4722-A1CE-0EA79DB12D50}.Debug|iPhone.ActiveCfg = Debug|Any CPU
		{0818CC14-3A1C-4722-A1CE-0EA79DB12D50}.Debug|iPhone.Build.0 = Debug|Any CPU
		{0818CC14-3A1C-4722-A1CE-0EA79DB12D50}.Debug|iPhone.Deploy.0 = Debug|Any CPU
		{0818CC14-3A1C-4722-A1CE-0EA79DB12D50}.Debug|iPhoneSimulator.ActiveCfg = Debug|Any CPU
		{0818CC14-3A1C-4722-A1CE-0EA79DB12D50}.Debug|iPhoneSimulator.Build.0 = Debug|Any CPU
		{0818CC14-3A1C-4722-A1CE-0EA79DB12D50}.Debug|iPhoneSimulator.Deploy.0 = Debug|Any CPU
		{0818CC14-3A1C-4722-A1CE-0EA79DB12D50}.Release|Any CPU.ActiveCfg = Release|Any CPU
		{0818CC14-3A1C-4722-A1CE-0EA79DB12D50}.Release|Any CPU.Build.0 = Release|Any CPU
		{0818CC14-3A1C-4722-A1CE-0EA79DB12D50}.Release|Any CPU.Deploy.0 = Release|Any CPU
		{0818CC14-3A1C-4722-A1CE-0EA79DB12D50}.Release|iPhone.ActiveCfg = Release|Any CPU
		{0818CC14-3A1C-4722-A1CE-0EA79DB12D50}.Release|iPhone.Build.0 = Release|Any CPU
		{0818CC14-3A1C-4722-A1CE-0EA79DB12D50}.Release|iPhone.Deploy.0 = Release|Any CPU
		{0818CC14-3A1C-4722-A1CE-0EA79DB12D50}.Release|iPhoneSimulator.ActiveCfg = Release|Any CPU
		{0818CC14-3A1C-4722-A1CE-0EA79DB12D50}.Release|iPhoneSimulator.Build.0 = Release|Any CPU
		{0818CC14-3A1C-4722-A1CE-0EA79DB12D50}.Release|iPhoneSimulator.Deploy.0 = Release|Any CPU
	EndGlobalSection
	GlobalSection(SolutionProperties) = preSolution
		HideSolutionNode = FALSE
	EndGlobalSection
	GlobalSection(ExtensibilityGlobals) = postSolution
		SolutionGuid = {F436AC68-ACA7-4037-95DB-E8B4C340E917}
	EndGlobalSection
EndGlobal
