
Microsoft Visual Studio Solution File, Format Version 12.00
# Visual Studio Version 17
VisualStudioVersion = 17.4.33213.308
MinimumVisualStudioVersion = 10.0.40219.1
Project("{FAE04EC0-301F-11D3-BF4B-00C04F79EFBC}") = "Contador", "Contador.csproj", "{1519D773-4E3D-4319-9F27-CA38CCF77D98}"
EndProject
Global
	GlobalSection(SolutionConfigurationPlatforms) = preSolution
		Debug|Any CPU = Debug|Any CPU
		Release|Any CPU = Release|Any CPU
	EndGlobalSection
	GlobalSection(ProjectConfigurationPlatforms) = postSolution
		{1519D773-4E3D-4319-9F27-CA38CCF77D98}.Debug|Any CPU.ActiveCfg = Debug|Any CPU
		{1519D773-4E3D-4319-9F27-CA38CCF77D98}.Debug|Any CPU.Build.0 = Debug|Any CPU
		{1519D773-4E3D-4319-9F27-CA38CCF77D98}.Release|Any CPU.ActiveCfg = Release|Any CPU
		{1519D773-4E3D-4319-9F27-CA38CCF77D98}.Release|Any CPU.Build.0 = Release|Any CPU
	EndGlobalSection
	GlobalSection(SolutionProperties) = preSolution
		HideSolutionNode = FALSE
	EndGlobalSection
	GlobalSection(ExtensibilityGlobals) = postSolution
		SolutionGuid = {73D73ACF-360A-43A0-AF33-D1B838A068A5}
	EndGlobalSection
EndGlobal
